
Microsoft Visual Studio Solution File, Format Version 12.00
# Visual Studio 2013
VisualStudioVersion = 12.0.30501.0
MinimumVisualStudioVersion = 10.0.40219.1
Project("{FAE04EC0-301F-11D3-BF4B-00C04F79EFBC}") = "TestMsgPack", "TestMsgPack\TestMsgPack.csproj", "{3E5C0C07-983F-4490-B13D-959830829883}"
EndProject
Project("{FAE04EC0-301F-11D3-BF4B-00C04F79EFBC}") = "MsgPack.Net40", "..\msgpack-cli-0.5.3\src\MsgPack.Net40\MsgPack.Net40.csproj", "{D45D4CBE-AFE7-4E2A-945D-47AED564C39D}"
EndProject
Global
	GlobalSection(SolutionConfigurationPlatforms) = preSolution
		Debug|Any CPU = Debug|Any CPU
		Release|Any CPU = Release|Any CPU
	EndGlobalSection
	GlobalSection(ProjectConfigurationPlatforms) = postSolution
		{3E5C0C07-983F-4490-B13D-959830829883}.Debug|Any CPU.ActiveCfg = Debug|Any CPU
		{3E5C0C07-983F-4490-B13D-959830829883}.Debug|Any CPU.Build.0 = Debug|Any CPU
		{3E5C0C07-983F-4490-B13D-959830829883}.Release|Any CPU.ActiveCfg = Release|Any CPU
		{3E5C0C07-983F-4490-B13D-959830829883}.Release|Any CPU.Build.0 = Release|Any CPU
		{D45D4CBE-AFE7-4E2A-945D-47AED564C39D}.Debug|Any CPU.ActiveCfg = Debug|Any CPU
		{D45D4CBE-AFE7-4E2A-945D-47AED564C39D}.Debug|Any CPU.Build.0 = Debug|Any CPU
		{D45D4CBE-AFE7-4E2A-945D-47AED564C39D}.Release|Any CPU.ActiveCfg = Release|Any CPU
		{D45D4CBE-AFE7-4E2A-945D-47AED564C39D}.Release|Any CPU.Build.0 = Release|Any CPU
	EndGlobalSection
	GlobalSection(SolutionProperties) = preSolution
		HideSolutionNode = FALSE
	EndGlobalSection
EndGlobal
