
Microsoft Visual Studio Solution File, Format Version 12.00
# Visual Studio 14
VisualStudioVersion = 14.0.25420.1
MinimumVisualStudioVersion = 10.0.40219.1
Project("{FAE04EC0-301F-11D3-BF4B-00C04F79EFBC}") = "TestFiber", "TestFiber\TestFiber.csproj", "{BCA72DC2-7EE3-4B20-B2F8-9DC5CE106737}"
EndProject
Project("{FAE04EC0-301F-11D3-BF4B-00C04F79EFBC}") = "TestFiberReturn", "TestFiberReturn\TestFiberReturn.csproj", "{95B54D28-2E02-431D-B7AD-3118BE6C8E35}"
EndProject
Global
	GlobalSection(SolutionConfigurationPlatforms) = preSolution
		Debug|Any CPU = Debug|Any CPU
		Release|Any CPU = Release|Any CPU
	EndGlobalSection
	GlobalSection(ProjectConfigurationPlatforms) = postSolution
		{BCA72DC2-7EE3-4B20-B2F8-9DC5CE106737}.Debug|Any CPU.ActiveCfg = Debug|Any CPU
		{BCA72DC2-7EE3-4B20-B2F8-9DC5CE106737}.Debug|Any CPU.Build.0 = Debug|Any CPU
		{BCA72DC2-7EE3-4B20-B2F8-9DC5CE106737}.Release|Any CPU.ActiveCfg = Release|Any CPU
		{BCA72DC2-7EE3-4B20-B2F8-9DC5CE106737}.Release|Any CPU.Build.0 = Release|Any CPU
		{95B54D28-2E02-431D-B7AD-3118BE6C8E35}.Debug|Any CPU.ActiveCfg = Debug|Any CPU
		{95B54D28-2E02-431D-B7AD-3118BE6C8E35}.Debug|Any CPU.Build.0 = Debug|Any CPU
		{95B54D28-2E02-431D-B7AD-3118BE6C8E35}.Release|Any CPU.ActiveCfg = Release|Any CPU
		{95B54D28-2E02-431D-B7AD-3118BE6C8E35}.Release|Any CPU.Build.0 = Release|Any CPU
	EndGlobalSection
	GlobalSection(SolutionProperties) = preSolution
		HideSolutionNode = FALSE
	EndGlobalSection
EndGlobal
