
Microsoft Visual Studio Solution File, Format Version 12.00
# Visual Studio 15
VisualStudioVersion = 15.0.26730.3
MinimumVisualStudioVersion = 10.0.40219.1
Project("{FAE04EC0-301F-11D3-BF4B-00C04F79EFBC}") = "ZYSocketFrame", "ZYSocketFrame\ZYSocketFrame.csproj", "{5B5AD8B6-2429-4C21-837B-61CB9F7E43D9}"
EndProject
Project("{FAE04EC0-301F-11D3-BF4B-00C04F79EFBC}") = "ZYSocketClientA", "ZYSocketClientA\ZYSocketClientA.csproj", "{70493FEF-134A-461E-8CA4-D21CD21F15B4}"
EndProject
Project("{FAE04EC0-301F-11D3-BF4B-00C04F79EFBC}") = "ZYSocketShare", "ZYSocketShare\ZYSocketShare.csproj", "{061FC3D3-0EC5-4B46-A06C-6E661EA75819}"
EndProject
Global
	GlobalSection(SolutionConfigurationPlatforms) = preSolution
		Debug|Any CPU = Debug|Any CPU
		Release|Any CPU = Release|Any CPU
	EndGlobalSection
	GlobalSection(ProjectConfigurationPlatforms) = postSolution
		{5B5AD8B6-2429-4C21-837B-61CB9F7E43D9}.Debug|Any CPU.ActiveCfg = Debug|Any CPU
		{5B5AD8B6-2429-4C21-837B-61CB9F7E43D9}.Debug|Any CPU.Build.0 = Debug|Any CPU
		{5B5AD8B6-2429-4C21-837B-61CB9F7E43D9}.Release|Any CPU.ActiveCfg = Release|Any CPU
		{5B5AD8B6-2429-4C21-837B-61CB9F7E43D9}.Release|Any CPU.Build.0 = Release|Any CPU
		{70493FEF-134A-461E-8CA4-D21CD21F15B4}.Debug|Any CPU.ActiveCfg = Debug|Any CPU
		{70493FEF-134A-461E-8CA4-D21CD21F15B4}.Debug|Any CPU.Build.0 = Debug|Any CPU
		{70493FEF-134A-461E-8CA4-D21CD21F15B4}.Release|Any CPU.ActiveCfg = Release|Any CPU
		{70493FEF-134A-461E-8CA4-D21CD21F15B4}.Release|Any CPU.Build.0 = Release|Any CPU
		{061FC3D3-0EC5-4B46-A06C-6E661EA75819}.Debug|Any CPU.ActiveCfg = Debug|Any CPU
		{061FC3D3-0EC5-4B46-A06C-6E661EA75819}.Debug|Any CPU.Build.0 = Debug|Any CPU
		{061FC3D3-0EC5-4B46-A06C-6E661EA75819}.Release|Any CPU.ActiveCfg = Release|Any CPU
		{061FC3D3-0EC5-4B46-A06C-6E661EA75819}.Release|Any CPU.Build.0 = Release|Any CPU
	EndGlobalSection
	GlobalSection(SolutionProperties) = preSolution
		HideSolutionNode = FALSE
	EndGlobalSection
	GlobalSection(ExtensibilityGlobals) = postSolution
		SolutionGuid = {D910E22F-6B25-4379-83D0-078CB6490E9C}
	EndGlobalSection
EndGlobal
