
Microsoft Visual Studio Solution File, Format Version 11.00
# Visual Studio 2010
Project("{FAE04EC0-301F-11D3-BF4B-00C04F79EFBC}") = "P2PCLIENT", "..\P2PCLIENT\P2PCLIENT\P2PCLIENT.csproj", "{4AC4C8A8-A702-4183-986B-BB197003E5DE}"
EndProject
Project("{FAE04EC0-301F-11D3-BF4B-00C04F79EFBC}") = "P2PCMD", "P2PCMD\P2PCMD.csproj", "{54606E3F-8BC8-429A-BD36-23876D57F3AD}"
EndProject
Project("{FAE04EC0-301F-11D3-BF4B-00C04F79EFBC}") = "PSPSERVER", "PSPSERVER\PSPSERVER.csproj", "{DDCA5A79-22FB-4AE7-837B-93ADEF740644}"
EndProject
Global
	GlobalSection(SolutionConfigurationPlatforms) = preSolution
		Debug|Any CPU = Debug|Any CPU
		Debug|Mixed Platforms = Debug|Mixed Platforms
		Debug|x86 = Debug|x86
		Release|Any CPU = Release|Any CPU
		Release|Mixed Platforms = Release|Mixed Platforms
		Release|x86 = Release|x86
	EndGlobalSection
	GlobalSection(ProjectConfigurationPlatforms) = postSolution
		{4AC4C8A8-A702-4183-986B-BB197003E5DE}.Debug|Any CPU.ActiveCfg = Debug|Any CPU
		{4AC4C8A8-A702-4183-986B-BB197003E5DE}.Debug|Any CPU.Build.0 = Debug|Any CPU
		{4AC4C8A8-A702-4183-986B-BB197003E5DE}.Debug|Mixed Platforms.ActiveCfg = Debug|Any CPU
		{4AC4C8A8-A702-4183-986B-BB197003E5DE}.Debug|Mixed Platforms.Build.0 = Debug|Any CPU
		{4AC4C8A8-A702-4183-986B-BB197003E5DE}.Debug|x86.ActiveCfg = Debug|Any CPU
		{4AC4C8A8-A702-4183-986B-BB197003E5DE}.Release|Any CPU.ActiveCfg = Release|Any CPU
		{4AC4C8A8-A702-4183-986B-BB197003E5DE}.Release|Any CPU.Build.0 = Release|Any CPU
		{4AC4C8A8-A702-4183-986B-BB197003E5DE}.Release|Mixed Platforms.ActiveCfg = Release|Any CPU
		{4AC4C8A8-A702-4183-986B-BB197003E5DE}.Release|Mixed Platforms.Build.0 = Release|Any CPU
		{4AC4C8A8-A702-4183-986B-BB197003E5DE}.Release|x86.ActiveCfg = Release|Any CPU
		{54606E3F-8BC8-429A-BD36-23876D57F3AD}.Debug|Any CPU.ActiveCfg = Debug|x86
		{54606E3F-8BC8-429A-BD36-23876D57F3AD}.Debug|Mixed Platforms.ActiveCfg = Debug|x86
		{54606E3F-8BC8-429A-BD36-23876D57F3AD}.Debug|Mixed Platforms.Build.0 = Debug|x86
		{54606E3F-8BC8-429A-BD36-23876D57F3AD}.Debug|x86.ActiveCfg = Debug|x86
		{54606E3F-8BC8-429A-BD36-23876D57F3AD}.Debug|x86.Build.0 = Debug|x86
		{54606E3F-8BC8-429A-BD36-23876D57F3AD}.Release|Any CPU.ActiveCfg = Release|x86
		{54606E3F-8BC8-429A-BD36-23876D57F3AD}.Release|Mixed Platforms.ActiveCfg = Release|x86
		{54606E3F-8BC8-429A-BD36-23876D57F3AD}.Release|Mixed Platforms.Build.0 = Release|x86
		{54606E3F-8BC8-429A-BD36-23876D57F3AD}.Release|x86.ActiveCfg = Release|x86
		{54606E3F-8BC8-429A-BD36-23876D57F3AD}.Release|x86.Build.0 = Release|x86
		{DDCA5A79-22FB-4AE7-837B-93ADEF740644}.Debug|Any CPU.ActiveCfg = Debug|x86
		{DDCA5A79-22FB-4AE7-837B-93ADEF740644}.Debug|Mixed Platforms.ActiveCfg = Debug|x86
		{DDCA5A79-22FB-4AE7-837B-93ADEF740644}.Debug|Mixed Platforms.Build.0 = Debug|x86
		{DDCA5A79-22FB-4AE7-837B-93ADEF740644}.Debug|x86.ActiveCfg = Debug|x86
		{DDCA5A79-22FB-4AE7-837B-93ADEF740644}.Debug|x86.Build.0 = Debug|x86
		{DDCA5A79-22FB-4AE7-837B-93ADEF740644}.Release|Any CPU.ActiveCfg = Release|x86
		{DDCA5A79-22FB-4AE7-837B-93ADEF740644}.Release|Mixed Platforms.ActiveCfg = Release|x86
		{DDCA5A79-22FB-4AE7-837B-93ADEF740644}.Release|Mixed Platforms.Build.0 = Release|x86
		{DDCA5A79-22FB-4AE7-837B-93ADEF740644}.Release|x86.ActiveCfg = Release|x86
		{DDCA5A79-22FB-4AE7-837B-93ADEF740644}.Release|x86.Build.0 = Release|x86
	EndGlobalSection
	GlobalSection(SolutionProperties) = preSolution
		HideSolutionNode = FALSE
	EndGlobalSection
EndGlobal
