
Microsoft Visual Studio Solution File, Format Version 12.00
# Visual Studio 2013
VisualStudioVersion = 12.0.30501.0
MinimumVisualStudioVersion = 10.0.40219.1
Project("{FAE04EC0-301F-11D3-BF4B-00C04F79EFBC}") = "ZYSocketFrame", "ZYSocketFrame\ZYSocketFrame.csproj", "{69FDF1FC-9018-4A1D-A739-39A7230C25D2}"
EndProject
Project("{FAE04EC0-301F-11D3-BF4B-00C04F79EFBC}") = "ZYSocketClientA", "ZYSocketClientA\ZYSocketClientA.csproj", "{22612B8F-73CE-4DFC-9C65-2DE6A1558004}"
EndProject
Project("{FAE04EC0-301F-11D3-BF4B-00C04F79EFBC}") = "ZYSocketShare", "ZYSocketShare\ZYSocketShare.csproj", "{462CC05C-AE20-448C-8522-D724B858B685}"
EndProject
Project("{FAE04EC0-301F-11D3-BF4B-00C04F79EFBC}") = "ZYSocketClientB", "ZYSocketClientB\ZYSocketClientB.csproj", "{0429708F-3321-4565-9BE4-AEA87616D15C}"
EndProject
Project("{FAE04EC0-301F-11D3-BF4B-00C04F79EFBC}") = "ZYSocketSSLClient", "ZYSocketSSLClient\ZYSocketSSLClient.csproj", "{7D8C3F12-C554-43CE-9BEA-C55743D630C8}"
EndProject
Project("{FAE04EC0-301F-11D3-BF4B-00C04F79EFBC}") = "ZYSocketShareNET4", "ZYSocketShare\ZYSocketShareNET4.csproj", "{00C91F5C-5298-4191-B816-3ED473721E88}"
EndProject
Project("{FAE04EC0-301F-11D3-BF4B-00C04F79EFBC}") = "UDPService", "UDPService\UDPService.csproj", "{1C5012B6-C0CF-4CBB-AE7F-CD1824CF76BC}"
EndProject
Project("{2150E333-8FDC-42A3-9474-1A3956D46DE8}") = "RPCService", "RPCService", "{4939B252-93A7-463D-9E6F-C3DCACB3AA8D}"
EndProject
Project("{FAE04EC0-301F-11D3-BF4B-00C04F79EFBC}") = "ZYSocketRPC", "ZYSOCKETRPC\ZYSocketRPC\ZYSocketRPC.csproj", "{E7A991D3-31D7-4C24-A4AE-005ED2C8D5CD}"
EndProject
Project("{FAE04EC0-301F-11D3-BF4B-00C04F79EFBC}") = "ZYSocketRPCClient", "ZYSOCKETRPC\ZYSocketRPCClient\ZYSocketRPCClient.csproj", "{8F369736-E9C4-4C90-995B-891CD6F10B6C}"
EndProject
Project("{FAE04EC0-301F-11D3-BF4B-00C04F79EFBC}") = "ZYSocketRPCServer", "ZYSOCKETRPC\ZYSocketRPCServer\ZYSocketRPCServer.csproj", "{A13E8322-77BD-49E8-B0E5-65863F4C2B86}"
EndProject
Project("{2150E333-8FDC-42A3-9474-1A3956D46DE8}") = "NET2.0", "NET2.0", "{0BBFA4F1-AF2D-4032-8F20-50C9D873FA90}"
EndProject
Project("{FAE04EC0-301F-11D3-BF4B-00C04F79EFBC}") = "ZYSocketRPC", "ZYSOCKETRPC\NET2.0\ZYSocketRPC\ZYSocketRPC.csproj", "{9307962B-45B3-4210-938D-001E5F622ED5}"
EndProject
Project("{FAE04EC0-301F-11D3-BF4B-00C04F79EFBC}") = "ZYSocketRPCClient", "ZYSOCKETRPC\NET2.0\ZYSocketRPCClient\ZYSocketRPCClient.csproj", "{A65E18A5-AC26-44E4-8CE8-6F7579A5B2B8}"
EndProject
Global
	GlobalSection(SolutionConfigurationPlatforms) = preSolution
		Debug|Any CPU = Debug|Any CPU
		Debug|Mixed Platforms = Debug|Mixed Platforms
		Debug|x86 = Debug|x86
		Release|Any CPU = Release|Any CPU
		Release|Mixed Platforms = Release|Mixed Platforms
		Release|x86 = Release|x86
	EndGlobalSection
	GlobalSection(ProjectConfigurationPlatforms) = postSolution
		{69FDF1FC-9018-4A1D-A739-39A7230C25D2}.Debug|Any CPU.ActiveCfg = Debug|x86
		{69FDF1FC-9018-4A1D-A739-39A7230C25D2}.Debug|Mixed Platforms.ActiveCfg = Debug|x86
		{69FDF1FC-9018-4A1D-A739-39A7230C25D2}.Debug|Mixed Platforms.Build.0 = Debug|x86
		{69FDF1FC-9018-4A1D-A739-39A7230C25D2}.Debug|x86.ActiveCfg = Debug|x86
		{69FDF1FC-9018-4A1D-A739-39A7230C25D2}.Debug|x86.Build.0 = Debug|x86
		{69FDF1FC-9018-4A1D-A739-39A7230C25D2}.Release|Any CPU.ActiveCfg = Release|x86
		{69FDF1FC-9018-4A1D-A739-39A7230C25D2}.Release|Mixed Platforms.ActiveCfg = Release|x86
		{69FDF1FC-9018-4A1D-A739-39A7230C25D2}.Release|Mixed Platforms.Build.0 = Release|x86
		{69FDF1FC-9018-4A1D-A739-39A7230C25D2}.Release|x86.ActiveCfg = Release|x86
		{69FDF1FC-9018-4A1D-A739-39A7230C25D2}.Release|x86.Build.0 = Release|x86
		{22612B8F-73CE-4DFC-9C65-2DE6A1558004}.Debug|Any CPU.ActiveCfg = Debug|x86
		{22612B8F-73CE-4DFC-9C65-2DE6A1558004}.Debug|Mixed Platforms.ActiveCfg = Debug|x86
		{22612B8F-73CE-4DFC-9C65-2DE6A1558004}.Debug|Mixed Platforms.Build.0 = Debug|x86
		{22612B8F-73CE-4DFC-9C65-2DE6A1558004}.Debug|x86.ActiveCfg = Debug|x86
		{22612B8F-73CE-4DFC-9C65-2DE6A1558004}.Debug|x86.Build.0 = Debug|x86
		{22612B8F-73CE-4DFC-9C65-2DE6A1558004}.Release|Any CPU.ActiveCfg = Release|x86
		{22612B8F-73CE-4DFC-9C65-2DE6A1558004}.Release|Mixed Platforms.ActiveCfg = Release|x86
		{22612B8F-73CE-4DFC-9C65-2DE6A1558004}.Release|Mixed Platforms.Build.0 = Release|x86
		{22612B8F-73CE-4DFC-9C65-2DE6A1558004}.Release|x86.ActiveCfg = Release|x86
		{22612B8F-73CE-4DFC-9C65-2DE6A1558004}.Release|x86.Build.0 = Release|x86
		{462CC05C-AE20-448C-8522-D724B858B685}.Debug|Any CPU.ActiveCfg = Debug|x86
		{462CC05C-AE20-448C-8522-D724B858B685}.Debug|Mixed Platforms.ActiveCfg = Debug|x86
		{462CC05C-AE20-448C-8522-D724B858B685}.Debug|Mixed Platforms.Build.0 = Debug|x86
		{462CC05C-AE20-448C-8522-D724B858B685}.Debug|x86.ActiveCfg = Debug|x86
		{462CC05C-AE20-448C-8522-D724B858B685}.Debug|x86.Build.0 = Debug|x86
		{462CC05C-AE20-448C-8522-D724B858B685}.Release|Any CPU.ActiveCfg = Release|x86
		{462CC05C-AE20-448C-8522-D724B858B685}.Release|Mixed Platforms.ActiveCfg = Release|x86
		{462CC05C-AE20-448C-8522-D724B858B685}.Release|Mixed Platforms.Build.0 = Release|x86
		{462CC05C-AE20-448C-8522-D724B858B685}.Release|x86.ActiveCfg = Release|x86
		{462CC05C-AE20-448C-8522-D724B858B685}.Release|x86.Build.0 = Release|x86
		{0429708F-3321-4565-9BE4-AEA87616D15C}.Debug|Any CPU.ActiveCfg = Debug|Any CPU
		{0429708F-3321-4565-9BE4-AEA87616D15C}.Debug|Any CPU.Build.0 = Debug|Any CPU
		{0429708F-3321-4565-9BE4-AEA87616D15C}.Debug|Mixed Platforms.ActiveCfg = Debug|Any CPU
		{0429708F-3321-4565-9BE4-AEA87616D15C}.Debug|Mixed Platforms.Build.0 = Debug|Any CPU
		{0429708F-3321-4565-9BE4-AEA87616D15C}.Debug|x86.ActiveCfg = Debug|Any CPU
		{0429708F-3321-4565-9BE4-AEA87616D15C}.Release|Any CPU.ActiveCfg = Release|Any CPU
		{0429708F-3321-4565-9BE4-AEA87616D15C}.Release|Any CPU.Build.0 = Release|Any CPU
		{0429708F-3321-4565-9BE4-AEA87616D15C}.Release|Mixed Platforms.ActiveCfg = Release|Any CPU
		{0429708F-3321-4565-9BE4-AEA87616D15C}.Release|Mixed Platforms.Build.0 = Release|Any CPU
		{0429708F-3321-4565-9BE4-AEA87616D15C}.Release|x86.ActiveCfg = Release|Any CPU
		{7D8C3F12-C554-43CE-9BEA-C55743D630C8}.Debug|Any CPU.ActiveCfg = Debug|Any CPU
		{7D8C3F12-C554-43CE-9BEA-C55743D630C8}.Debug|Any CPU.Build.0 = Debug|Any CPU
		{7D8C3F12-C554-43CE-9BEA-C55743D630C8}.Debug|Mixed Platforms.ActiveCfg = Debug|Any CPU
		{7D8C3F12-C554-43CE-9BEA-C55743D630C8}.Debug|Mixed Platforms.Build.0 = Debug|Any CPU
		{7D8C3F12-C554-43CE-9BEA-C55743D630C8}.Debug|x86.ActiveCfg = Debug|Any CPU
		{7D8C3F12-C554-43CE-9BEA-C55743D630C8}.Release|Any CPU.ActiveCfg = Release|Any CPU
		{7D8C3F12-C554-43CE-9BEA-C55743D630C8}.Release|Any CPU.Build.0 = Release|Any CPU
		{7D8C3F12-C554-43CE-9BEA-C55743D630C8}.Release|Mixed Platforms.ActiveCfg = Release|Any CPU
		{7D8C3F12-C554-43CE-9BEA-C55743D630C8}.Release|Mixed Platforms.Build.0 = Release|Any CPU
		{7D8C3F12-C554-43CE-9BEA-C55743D630C8}.Release|x86.ActiveCfg = Release|Any CPU
		{00C91F5C-5298-4191-B816-3ED473721E88}.Debug|Any CPU.ActiveCfg = Debug|Any CPU
		{00C91F5C-5298-4191-B816-3ED473721E88}.Debug|Any CPU.Build.0 = Debug|Any CPU
		{00C91F5C-5298-4191-B816-3ED473721E88}.Debug|Mixed Platforms.ActiveCfg = Debug|Any CPU
		{00C91F5C-5298-4191-B816-3ED473721E88}.Debug|Mixed Platforms.Build.0 = Debug|Any CPU
		{00C91F5C-5298-4191-B816-3ED473721E88}.Debug|x86.ActiveCfg = Debug|Any CPU
		{00C91F5C-5298-4191-B816-3ED473721E88}.Release|Any CPU.ActiveCfg = Release|Any CPU
		{00C91F5C-5298-4191-B816-3ED473721E88}.Release|Any CPU.Build.0 = Release|Any CPU
		{00C91F5C-5298-4191-B816-3ED473721E88}.Release|Mixed Platforms.ActiveCfg = Release|Any CPU
		{00C91F5C-5298-4191-B816-3ED473721E88}.Release|Mixed Platforms.Build.0 = Release|Any CPU
		{00C91F5C-5298-4191-B816-3ED473721E88}.Release|x86.ActiveCfg = Release|Any CPU
		{1C5012B6-C0CF-4CBB-AE7F-CD1824CF76BC}.Debug|Any CPU.ActiveCfg = Debug|Any CPU
		{1C5012B6-C0CF-4CBB-AE7F-CD1824CF76BC}.Debug|Any CPU.Build.0 = Debug|Any CPU
		{1C5012B6-C0CF-4CBB-AE7F-CD1824CF76BC}.Debug|Mixed Platforms.ActiveCfg = Debug|Any CPU
		{1C5012B6-C0CF-4CBB-AE7F-CD1824CF76BC}.Debug|Mixed Platforms.Build.0 = Debug|Any CPU
		{1C5012B6-C0CF-4CBB-AE7F-CD1824CF76BC}.Debug|x86.ActiveCfg = Debug|Any CPU
		{1C5012B6-C0CF-4CBB-AE7F-CD1824CF76BC}.Release|Any CPU.ActiveCfg = Release|Any CPU
		{1C5012B6-C0CF-4CBB-AE7F-CD1824CF76BC}.Release|Any CPU.Build.0 = Release|Any CPU
		{1C5012B6-C0CF-4CBB-AE7F-CD1824CF76BC}.Release|Mixed Platforms.ActiveCfg = Release|Any CPU
		{1C5012B6-C0CF-4CBB-AE7F-CD1824CF76BC}.Release|Mixed Platforms.Build.0 = Release|Any CPU
		{1C5012B6-C0CF-4CBB-AE7F-CD1824CF76BC}.Release|x86.ActiveCfg = Release|Any CPU
		{E7A991D3-31D7-4C24-A4AE-005ED2C8D5CD}.Debug|Any CPU.ActiveCfg = Debug|Any CPU
		{E7A991D3-31D7-4C24-A4AE-005ED2C8D5CD}.Debug|Any CPU.Build.0 = Debug|Any CPU
		{E7A991D3-31D7-4C24-A4AE-005ED2C8D5CD}.Debug|Mixed Platforms.ActiveCfg = Debug|Any CPU
		{E7A991D3-31D7-4C24-A4AE-005ED2C8D5CD}.Debug|Mixed Platforms.Build.0 = Debug|Any CPU
		{E7A991D3-31D7-4C24-A4AE-005ED2C8D5CD}.Debug|x86.ActiveCfg = Debug|Any CPU
		{E7A991D3-31D7-4C24-A4AE-005ED2C8D5CD}.Release|Any CPU.ActiveCfg = Release|Any CPU
		{E7A991D3-31D7-4C24-A4AE-005ED2C8D5CD}.Release|Any CPU.Build.0 = Release|Any CPU
		{E7A991D3-31D7-4C24-A4AE-005ED2C8D5CD}.Release|Mixed Platforms.ActiveCfg = Release|Any CPU
		{E7A991D3-31D7-4C24-A4AE-005ED2C8D5CD}.Release|Mixed Platforms.Build.0 = Release|Any CPU
		{E7A991D3-31D7-4C24-A4AE-005ED2C8D5CD}.Release|x86.ActiveCfg = Release|Any CPU
		{8F369736-E9C4-4C90-995B-891CD6F10B6C}.Debug|Any CPU.ActiveCfg = Debug|Any CPU
		{8F369736-E9C4-4C90-995B-891CD6F10B6C}.Debug|Any CPU.Build.0 = Debug|Any CPU
		{8F369736-E9C4-4C90-995B-891CD6F10B6C}.Debug|Mixed Platforms.ActiveCfg = Debug|Any CPU
		{8F369736-E9C4-4C90-995B-891CD6F10B6C}.Debug|Mixed Platforms.Build.0 = Debug|Any CPU
		{8F369736-E9C4-4C90-995B-891CD6F10B6C}.Debug|x86.ActiveCfg = Debug|Any CPU
		{8F369736-E9C4-4C90-995B-891CD6F10B6C}.Release|Any CPU.ActiveCfg = Release|Any CPU
		{8F369736-E9C4-4C90-995B-891CD6F10B6C}.Release|Any CPU.Build.0 = Release|Any CPU
		{8F369736-E9C4-4C90-995B-891CD6F10B6C}.Release|Mixed Platforms.ActiveCfg = Release|Any CPU
		{8F369736-E9C4-4C90-995B-891CD6F10B6C}.Release|Mixed Platforms.Build.0 = Release|Any CPU
		{8F369736-E9C4-4C90-995B-891CD6F10B6C}.Release|x86.ActiveCfg = Release|Any CPU
		{A13E8322-77BD-49E8-B0E5-65863F4C2B86}.Debug|Any CPU.ActiveCfg = Debug|Any CPU
		{A13E8322-77BD-49E8-B0E5-65863F4C2B86}.Debug|Any CPU.Build.0 = Debug|Any CPU
		{A13E8322-77BD-49E8-B0E5-65863F4C2B86}.Debug|Mixed Platforms.ActiveCfg = Debug|Any CPU
		{A13E8322-77BD-49E8-B0E5-65863F4C2B86}.Debug|Mixed Platforms.Build.0 = Debug|Any CPU
		{A13E8322-77BD-49E8-B0E5-65863F4C2B86}.Debug|x86.ActiveCfg = Debug|Any CPU
		{A13E8322-77BD-49E8-B0E5-65863F4C2B86}.Release|Any CPU.ActiveCfg = Release|Any CPU
		{A13E8322-77BD-49E8-B0E5-65863F4C2B86}.Release|Any CPU.Build.0 = Release|Any CPU
		{A13E8322-77BD-49E8-B0E5-65863F4C2B86}.Release|Mixed Platforms.ActiveCfg = Release|Any CPU
		{A13E8322-77BD-49E8-B0E5-65863F4C2B86}.Release|Mixed Platforms.Build.0 = Release|Any CPU
		{A13E8322-77BD-49E8-B0E5-65863F4C2B86}.Release|x86.ActiveCfg = Release|Any CPU
		{9307962B-45B3-4210-938D-001E5F622ED5}.Debug|Any CPU.ActiveCfg = Debug|Any CPU
		{9307962B-45B3-4210-938D-001E5F622ED5}.Debug|Any CPU.Build.0 = Debug|Any CPU
		{9307962B-45B3-4210-938D-001E5F622ED5}.Debug|Mixed Platforms.ActiveCfg = Debug|Any CPU
		{9307962B-45B3-4210-938D-001E5F622ED5}.Debug|Mixed Platforms.Build.0 = Debug|Any CPU
		{9307962B-45B3-4210-938D-001E5F622ED5}.Debug|x86.ActiveCfg = Debug|Any CPU
		{9307962B-45B3-4210-938D-001E5F622ED5}.Release|Any CPU.ActiveCfg = Release|Any CPU
		{9307962B-45B3-4210-938D-001E5F622ED5}.Release|Any CPU.Build.0 = Release|Any CPU
		{9307962B-45B3-4210-938D-001E5F622ED5}.Release|Mixed Platforms.ActiveCfg = Release|Any CPU
		{9307962B-45B3-4210-938D-001E5F622ED5}.Release|Mixed Platforms.Build.0 = Release|Any CPU
		{9307962B-45B3-4210-938D-001E5F622ED5}.Release|x86.ActiveCfg = Release|Any CPU
		{A65E18A5-AC26-44E4-8CE8-6F7579A5B2B8}.Debug|Any CPU.ActiveCfg = Debug|Any CPU
		{A65E18A5-AC26-44E4-8CE8-6F7579A5B2B8}.Debug|Any CPU.Build.0 = Debug|Any CPU
		{A65E18A5-AC26-44E4-8CE8-6F7579A5B2B8}.Debug|Mixed Platforms.ActiveCfg = Debug|Any CPU
		{A65E18A5-AC26-44E4-8CE8-6F7579A5B2B8}.Debug|Mixed Platforms.Build.0 = Debug|Any CPU
		{A65E18A5-AC26-44E4-8CE8-6F7579A5B2B8}.Debug|x86.ActiveCfg = Debug|Any CPU
		{A65E18A5-AC26-44E4-8CE8-6F7579A5B2B8}.Release|Any CPU.ActiveCfg = Release|Any CPU
		{A65E18A5-AC26-44E4-8CE8-6F7579A5B2B8}.Release|Any CPU.Build.0 = Release|Any CPU
		{A65E18A5-AC26-44E4-8CE8-6F7579A5B2B8}.Release|Mixed Platforms.ActiveCfg = Release|Any CPU
		{A65E18A5-AC26-44E4-8CE8-6F7579A5B2B8}.Release|Mixed Platforms.Build.0 = Release|Any CPU
		{A65E18A5-AC26-44E4-8CE8-6F7579A5B2B8}.Release|x86.ActiveCfg = Release|Any CPU
	EndGlobalSection
	GlobalSection(SolutionProperties) = preSolution
		HideSolutionNode = FALSE
	EndGlobalSection
	GlobalSection(NestedProjects) = preSolution
		{E7A991D3-31D7-4C24-A4AE-005ED2C8D5CD} = {4939B252-93A7-463D-9E6F-C3DCACB3AA8D}
		{8F369736-E9C4-4C90-995B-891CD6F10B6C} = {4939B252-93A7-463D-9E6F-C3DCACB3AA8D}
		{A13E8322-77BD-49E8-B0E5-65863F4C2B86} = {4939B252-93A7-463D-9E6F-C3DCACB3AA8D}
		{0BBFA4F1-AF2D-4032-8F20-50C9D873FA90} = {4939B252-93A7-463D-9E6F-C3DCACB3AA8D}
		{9307962B-45B3-4210-938D-001E5F622ED5} = {0BBFA4F1-AF2D-4032-8F20-50C9D873FA90}
		{A65E18A5-AC26-44E4-8CE8-6F7579A5B2B8} = {0BBFA4F1-AF2D-4032-8F20-50C9D873FA90}
	EndGlobalSection
EndGlobal
