
Microsoft Visual Studio Solution File, Format Version 11.00
# Visual Studio 2010
Project("{FAE04EC0-301F-11D3-BF4B-00C04F79EFBC}") = "Server", "Server\Server.csproj", "{C90AC2D1-2088-4EB1-9CA2-68EE805840D5}"
EndProject
Project("{FAE04EC0-301F-11D3-BF4B-00C04F79EFBC}") = "PACK", "PACK\PACK.csproj", "{5115955F-4369-4CCF-A4D4-EBBFD40D88B1}"
EndProject
Project("{FAE04EC0-301F-11D3-BF4B-00C04F79EFBC}") = "Client", "Client\Client.csproj", "{5B6B7A4C-AE75-4EDC-B5B0-740B998E5DEE}"
EndProject
Global
	GlobalSection(SolutionConfigurationPlatforms) = preSolution
		Debug|Any CPU = Debug|Any CPU
		Debug|Mixed Platforms = Debug|Mixed Platforms
		Debug|x86 = Debug|x86
		Release|Any CPU = Release|Any CPU
		Release|Mixed Platforms = Release|Mixed Platforms
		Release|x86 = Release|x86
	EndGlobalSection
	GlobalSection(ProjectConfigurationPlatforms) = postSolution
		{C90AC2D1-2088-4EB1-9CA2-68EE805840D5}.Debug|Any CPU.ActiveCfg = Debug|x86
		{C90AC2D1-2088-4EB1-9CA2-68EE805840D5}.Debug|Mixed Platforms.ActiveCfg = Debug|x86
		{C90AC2D1-2088-4EB1-9CA2-68EE805840D5}.Debug|Mixed Platforms.Build.0 = Debug|x86
		{C90AC2D1-2088-4EB1-9CA2-68EE805840D5}.Debug|x86.ActiveCfg = Debug|x86
		{C90AC2D1-2088-4EB1-9CA2-68EE805840D5}.Debug|x86.Build.0 = Debug|x86
		{C90AC2D1-2088-4EB1-9CA2-68EE805840D5}.Release|Any CPU.ActiveCfg = Release|x86
		{C90AC2D1-2088-4EB1-9CA2-68EE805840D5}.Release|Mixed Platforms.ActiveCfg = Release|x86
		{C90AC2D1-2088-4EB1-9CA2-68EE805840D5}.Release|Mixed Platforms.Build.0 = Release|x86
		{C90AC2D1-2088-4EB1-9CA2-68EE805840D5}.Release|x86.ActiveCfg = Release|x86
		{C90AC2D1-2088-4EB1-9CA2-68EE805840D5}.Release|x86.Build.0 = Release|x86
		{5115955F-4369-4CCF-A4D4-EBBFD40D88B1}.Debug|Any CPU.ActiveCfg = Debug|Any CPU
		{5115955F-4369-4CCF-A4D4-EBBFD40D88B1}.Debug|Any CPU.Build.0 = Debug|Any CPU
		{5115955F-4369-4CCF-A4D4-EBBFD40D88B1}.Debug|Mixed Platforms.ActiveCfg = Debug|Any CPU
		{5115955F-4369-4CCF-A4D4-EBBFD40D88B1}.Debug|Mixed Platforms.Build.0 = Debug|Any CPU
		{5115955F-4369-4CCF-A4D4-EBBFD40D88B1}.Debug|x86.ActiveCfg = Debug|Any CPU
		{5115955F-4369-4CCF-A4D4-EBBFD40D88B1}.Release|Any CPU.ActiveCfg = Release|Any CPU
		{5115955F-4369-4CCF-A4D4-EBBFD40D88B1}.Release|Any CPU.Build.0 = Release|Any CPU
		{5115955F-4369-4CCF-A4D4-EBBFD40D88B1}.Release|Mixed Platforms.ActiveCfg = Release|Any CPU
		{5115955F-4369-4CCF-A4D4-EBBFD40D88B1}.Release|Mixed Platforms.Build.0 = Release|Any CPU
		{5115955F-4369-4CCF-A4D4-EBBFD40D88B1}.Release|x86.ActiveCfg = Release|Any CPU
		{5B6B7A4C-AE75-4EDC-B5B0-740B998E5DEE}.Debug|Any CPU.ActiveCfg = Debug|x86
		{5B6B7A4C-AE75-4EDC-B5B0-740B998E5DEE}.Debug|Mixed Platforms.ActiveCfg = Debug|x86
		{5B6B7A4C-AE75-4EDC-B5B0-740B998E5DEE}.Debug|Mixed Platforms.Build.0 = Debug|x86
		{5B6B7A4C-AE75-4EDC-B5B0-740B998E5DEE}.Debug|x86.ActiveCfg = Debug|x86
		{5B6B7A4C-AE75-4EDC-B5B0-740B998E5DEE}.Debug|x86.Build.0 = Debug|x86
		{5B6B7A4C-AE75-4EDC-B5B0-740B998E5DEE}.Release|Any CPU.ActiveCfg = Release|x86
		{5B6B7A4C-AE75-4EDC-B5B0-740B998E5DEE}.Release|Mixed Platforms.ActiveCfg = Release|x86
		{5B6B7A4C-AE75-4EDC-B5B0-740B998E5DEE}.Release|Mixed Platforms.Build.0 = Release|x86
		{5B6B7A4C-AE75-4EDC-B5B0-740B998E5DEE}.Release|x86.ActiveCfg = Release|x86
		{5B6B7A4C-AE75-4EDC-B5B0-740B998E5DEE}.Release|x86.Build.0 = Release|x86
	EndGlobalSection
	GlobalSection(SolutionProperties) = preSolution
		HideSolutionNode = FALSE
	EndGlobalSection
EndGlobal
